
Microsoft Visual Studio Solution File, Format Version 12.00
# Visual Studio Version 17
VisualStudioVersion = 17.0.31903.59
MinimumVisualStudioVersion = 10.0.40219.1
Project("{FAE04EC0-301F-11D3-BF4B-00C04F79EFBC}") = "Example", "Example\Example.csproj", "{DA389899-50BF-46AF-A615-6EBC3D71AB3E}"
EndProject
Project("{2150E333-8FDC-42A3-9474-1A3956D46DE8}") = "build", "build", "{6094B447-6BB4-47C8-86E5-85653D487D36}"
	ProjectSection(SolutionItems) = preProject
		readme.md = readme.md
		Directory.Build.props = Directory.Build.props
	EndProjectSection
EndProject
Global
	GlobalSection(SolutionConfigurationPlatforms) = preSolution
		Debug|Any CPU = Debug|Any CPU
		Release|Any CPU = Release|Any CPU
	EndGlobalSection
	GlobalSection(SolutionProperties) = preSolution
		HideSolutionNode = FALSE
	EndGlobalSection
	GlobalSection(ProjectConfigurationPlatforms) = postSolution
		{DA389899-50BF-46AF-A615-6EBC3D71AB3E}.Debug|Any CPU.ActiveCfg = Debug|Any CPU
		{DA389899-50BF-46AF-A615-6EBC3D71AB3E}.Debug|Any CPU.Build.0 = Debug|Any CPU
		{DA389899-50BF-46AF-A615-6EBC3D71AB3E}.Release|Any CPU.ActiveCfg = Release|Any CPU
		{DA389899-50BF-46AF-A615-6EBC3D71AB3E}.Release|Any CPU.Build.0 = Release|Any CPU
	EndGlobalSection
EndGlobal
